{
  "lockfileVersion": 1,
  "workspaces": {
    "": {
      "name": "bun-react-template",
      "dependencies": {
        "@uppy/core": "^6.2.0",
        "@uppy/dashboard": "^6.0.1",
        "@uppy/react": "^6.0.0",
        "@uppy/tus": "^6.0.0",
        "react": "^19",
        "react-dom": "^19",
      },
      "devDependencies": {
        "@types/bun": "latest",
        "@types/react": "^19",
        "@types/react-dom": "^19",
        "typescript": "~6.0.2",
      },
    },
  },
  "packages": {
    "@transloadit/prettier-bytes": ["@transloadit/prettier-bytes@2.0.0", "", {}, "sha512-GYzxSL3y9XlhwamBLkHT1y2jFrRsHkZZ1jNctn8NeMNyTtIbMK1Qf0f1koHkDdW+MwOUowCmpm8zP6ZpQ36G5w=="],

    "@types/bun": ["@types/bun@1.4.2", "", { "dependencies": { "bun-types": "1.4.2" } }, "sha512-GimotNn7+ZV0uVArItBbriZsR1oNf0+WTzPkdcFrzShI7k2norL0uzEaJT8T33dWr7O/c9ZDuAFQrctKCi72oQ=="],

    "@types/node": ["@types/node@26.6.3", "", { "dependencies": { "undici-types": "~8.9.0" } }, "sha512-dsqMQQoeTLqu9wynDD00q573mNzso3IdQOAfHRJqLCcmCFPoGo9A1bDpUcv/9tnKpErQWv9uKeGfl37EIS02Yg=="],

    "@types/react": ["@types/react@19.3.0", "", { "dependencies": { "csstype": "^3.2.2" } }, "sha512-N0rFCuH9YoxG9/m61l9MfpJKfmLOVU0em7ipIz6TRgSSkvReLB9vL85GB+yr8Bs5leqpvg96JSwF4ZS1s4viQg=="],

    "@types/react-dom": ["@types/react-dom@19.3.0", "", { "peerDependencies": { "@types/react": "^19.3.0" } }, "sha512-ZI7bU42mZXXKHn/qNLEw2IrbiINU7X5+vfgdixBHkCNpYWXjKgfQ/P+uyGb5CjOLB9UcnTeg3rylQtV2hym44Q=="],

    "@uppy/components": ["@uppy/components@2.0.0", "", { "dependencies": { "clsx": "^2.1.1", "dequal": "^2.0.3", "preact": "^10.29.2", "pretty-bytes": "^7.1.0" }, "peerDependencies": { "@uppy/core": "^6.0.0", "@uppy/google-drive-picker": "^2.0.0", "@uppy/google-photos-picker": "^2.0.0", "@uppy/image-editor": "^5.0.0", "@uppy/screen-capture": "^6.0.0", "@uppy/webcam": "^6.0.0" }, "optionalPeers": ["@uppy/image-editor", "@uppy/screen-capture", "@uppy/webcam"] }, "sha512-wviwX37ISeJQEaHh5ijyfSW7wDb5Ctvy10dnkRjuN9hddJo59N7lx+dKe985cP4OBBSr+wAzAkrvP6I8MmMvMg=="],

    "@uppy/core": ["@uppy/core@6.2.0", "", { "dependencies": { "@transloadit/prettier-bytes": "^2.0.0", "classnames": "^2.5.1", "lodash": "^4.18.1", "mime-match": "^1.0.2", "namespace-emitter": "^2.0.1", "nanoid": "^6.0.1", "p-queue": "^9.3.3", "p-retry": "^8.0.0", "preact": "^10.29.2" } }, "sha512-GujQtHazyHM2jjoNZyZlB+R3mUf1bynx0D+sPRt4IfLEfV09LbqA1kzwabL+WEKFdfqls15T+a/4u3XGV4n/oQ=="],

    "@uppy/dashboard": ["@uppy/dashboard@6.0.1", "", { "dependencies": { "@transloadit/prettier-bytes": "^2.0.0", "@uppy/thumbnail-generator": "^6.0.1", "classnames": "^2.5.1", "lodash": "^4.18.1", "nanoid": "^6.0.1", "preact": "^10.29.2", "shallow-equal": "^3.1.0" }, "peerDependencies": { "@uppy/core": "^6.2.0" } }, "sha512-nss7xYzh6zXly03Tz/j9Lclm8rOkBOp0wPSQuAYkrtTzJrRsahemrOXwYRQTW2hyN+hDdjVtU9Ouo2NMcPzkVQ=="],

    "@uppy/google-drive-picker": ["@uppy/google-drive-picker@2.0.0", "", { "dependencies": { "preact": "^10.29.2" }, "peerDependencies": { "@uppy/core": "^6.0.0" } }, "sha512-i3XPwEWPCZJtHM9bYRIQ89cjIrSx6dqm3C81bb63Z0H3bet9Yz8E5BJS7ofyppJiOiJg19Vec4evx5QOCZ45aQ=="],

    "@uppy/google-photos-picker": ["@uppy/google-photos-picker@2.0.0", "", { "dependencies": { "preact": "^10.29.2" }, "peerDependencies": { "@uppy/core": "^6.0.0" } }, "sha512-mWad0IRAgZaAYCjIAytWS3t8MK3u3ZyAgXFgmeCqz15i3hXOXmrzlez/MEpMR9QJc9Hsju9yHShP/lKWF2tbIA=="],

    "@uppy/react": ["@uppy/react@6.0.0", "", { "dependencies": { "@uppy/components": "^2.0.0", "preact": "^10.29.2", "use-sync-external-store": "^1.6.0" }, "peerDependencies": { "@uppy/core": "^6.0.0", "@uppy/dashboard": "^6.0.0", "@uppy/screen-capture": "^6.0.0", "@uppy/status-bar": "^6.0.0", "@uppy/webcam": "^6.0.0", "react": "^18.0.0 || ^19.0.0", "react-dom": "^18.0.0 || ^19.0.0" }, "optionalPeers": ["@uppy/dashboard", "@uppy/screen-capture", "@uppy/status-bar", "@uppy/webcam"] }, "sha512-AgPeeEGCz4FFN2zblqrJs8zQzzDKPoToM4dkWsHXF/Ndm1BmI4uF8NkVjEvmzwjF4e2JPxRvk52baYTeSSKruQ=="],

    "@uppy/thumbnail-generator": ["@uppy/thumbnail-generator@6.0.1", "", { "dependencies": { "exifr": "^7.1.3" }, "peerDependencies": { "@uppy/core": "^6.2.0" } }, "sha512-tNMn3C6tepp0UDoN6L9L3OLNzwG999s1+crXGLpZI2xG2UZ2uyVFASy4rjJS7/2wsXFsE9+xf1t12Hob8ZYRlQ=="],

    "@uppy/tus": ["@uppy/tus@6.0.0", "", { "dependencies": { "tus-js-client": "^4.3.1" }, "peerDependencies": { "@uppy/core": "^6.0.0" } }, "sha512-jJMMVmaRYjMc6E8HzNVcNm6bxzs31V3c25OPIwYUd4J+YoNP3GS37d6t/C4N19Q+ftYtDc1OX1sOyRvTGyg8TQ=="],

    "buffer-from": ["buffer-from@1.1.2", "", {}, "sha512-E+XQCRwSbaaiChtv6k6Dwgc+bx+Bs6vuKJHHl5kox/BaKbhiXzqQOwK4cO22yElGp2OCmjwVhT3HmxgyPGnJfQ=="],

    "bun-types": ["bun-types@1.4.2", "", { "dependencies": { "@types/node": "*" } }, "sha512-bxV1FgK7yBIzjRe5zBozIM4Bem11ZJcCXSrjWRG3YWLt8yFDePu4cLjpebO8OvPeIE9trbyPF4fuj3Cia4Fj3w=="],

    "classnames": ["classnames@2.5.1", "", {}, "sha512-saHYOzhIQs6wy2sVxTM6bUDsQO4F50V9RQ22qBpEdCW+I+/Wmke2HOl6lS6dTpdxVhb88/I6+Hs+438c3lfUow=="],

    "clsx": ["clsx@2.1.1", "", {}, "sha512-eYm0QWBtUrBWZWG0d386OGAw16Z995PiOVo2B7bjWSbHedGl5e0ZWaq65kOGgUSNesEIDkB9ISbTg/JK9dhCZA=="],

    "combine-errors": ["combine-errors@3.0.3", "", { "dependencies": { "custom-error-instance": "2.1.1", "lodash.uniqby": "4.5.0" } }, "sha512-C8ikRNRMygCwaTx+Ek3Yr+OuZzgZjduCOfSQBjbM8V3MfgcjSTeto/GXP6PAwKvJz/v15b7GHZvx5rOlczFw/Q=="],

    "csstype": ["csstype@3.2.3", "", {}, "sha512-z1HGKcYy2xA8AGQfwrn0PAy+PB7X/GSj3UVJW9qKyn43xWa+gl5nXmU4qqLMRzWVLFC8KusUX8T/0kCiOYpAIQ=="],

    "custom-error-instance": ["custom-error-instance@2.1.1", "", {}, "sha512-p6JFxJc3M4OTD2li2qaHkDCw9SfMw82Ldr6OC9Je1aXiGfhx2W8p3GaoeaGrPJTUN9NirTM/KTxHWMUdR1rsUg=="],

    "dequal": ["dequal@2.0.3", "", {}, "sha512-0je+qPKHEMohvfRTCEo3CrPG6cAzAYgmzKyxRiYSSDkS6eGJdyVJm7WaYA5ECaAD9wLB2T4EEeymA5aFVcYXCA=="],

    "eventemitter3": ["eventemitter3@5.0.4", "", {}, "sha512-mlsTRyGaPBjPedk6Bvw+aqbsXDtoAyAzm5MO7JgU+yVRyMQ5O8bD4Kcci7BS85f93veegeCPkL8R4GLClnjLFw=="],

    "exifr": ["exifr@7.1.3", "", {}, "sha512-g/aje2noHivrRSLbAUtBPWFbxKdKhgj/xr1vATDdUXPOFYJlQ62Ft0oy+72V6XLIpDJfHs6gXLbBLAolqOXYRw=="],

    "graceful-fs": ["graceful-fs@4.2.11", "", {}, "sha512-RbJ5/jmFcNNCcDV5o9eTnBLJ/HszWV0P73bc+Ff4nS/rJj+YaS6IGyiOL0VoBYX+l1Wrl3k63h/KrH+nhJ0XvQ=="],

    "is-network-error": ["is-network-error@1.3.2", "", {}, "sha512-PhBY86zaxNZUuWP6h13Vu5oFe0XY6/UlKzQnYFELzGVHygP3MxmvTfYSG7GN3aIab/iWudSMgjSnG9Dq+nHrgA=="],

    "is-stream": ["is-stream@2.0.1", "", {}, "sha512-hFoiJiTl63nn+kstHGBtewWSKnQLpyb155KHheA1l39uvtO9nWIop1p3udqPcUd/xbF1VLMO4n7OI6p7RbngDg=="],

    "js-base64": ["js-base64@3.9.4", "", {}, "sha512-PtOMXpEGuP0RRiRXsjzHzl44dMHxSu2CPvAhinupR1tBa88me+1DPqsobl7eupn5UukjLkln1ZnAOAOXOrYG0Q=="],

    "lodash": ["lodash@4.18.1", "", {}, "sha512-dMInicTPVE8d1e5otfwmmjlxkZoUpiVLwyeTdUsi/Caj/gfzzblBcCE5sRHV/AsjuCmxWrte2TNGSYuCeCq+0Q=="],

    "lodash._baseiteratee": ["lodash._baseiteratee@4.7.0", "", { "dependencies": { "lodash._stringtopath": "~4.8.0" } }, "sha512-nqB9M+wITz0BX/Q2xg6fQ8mLkyfF7MU7eE+MNBNjTHFKeKaZAPEzEg+E8LWxKWf1DQVflNEn9N49yAuqKh2mWQ=="],

    "lodash._basetostring": ["lodash._basetostring@4.12.0", "", {}, "sha512-SwcRIbyxnN6CFEEK4K1y+zuApvWdpQdBHM/swxP962s8HIxPO3alBH5t3m/dl+f4CMUug6sJb7Pww8d13/9WSw=="],

    "lodash._baseuniq": ["lodash._baseuniq@4.6.0", "", { "dependencies": { "lodash._createset": "~4.0.0", "lodash._root": "~3.0.0" } }, "sha512-Ja1YevpHZctlI5beLA7oc5KNDhGcPixFhcqSiORHNsp/1QTv7amAXzw+gu4YOvErqVlMVyIJGgtzeepCnnur0A=="],

    "lodash._createset": ["lodash._createset@4.0.3", "", {}, "sha512-GTkC6YMprrJZCYU3zcqZj+jkXkrXzq3IPBcF/fIPpNEAB4hZEtXU8zp/RwKOvZl43NUmwDbyRk3+ZTbeRdEBXA=="],

    "lodash._root": ["lodash._root@3.0.1", "", {}, "sha512-O0pWuFSK6x4EXhM1dhZ8gchNtG7JMqBtrHdoUFUWXD7dJnNSUze1GuyQr5sOs0aCvgGeI3o/OJW8f4ca7FDxmQ=="],

    "lodash._stringtopath": ["lodash._stringtopath@4.8.0", "", { "dependencies": { "lodash._basetostring": "~4.12.0" } }, "sha512-SXL66C731p0xPDC5LZg4wI5H+dJo/EO4KTqOMwLYCH3+FmmfAKJEZCm6ohGpI+T1xwsDsJCfL4OnhorllvlTPQ=="],

    "lodash.throttle": ["lodash.throttle@4.1.1", "", {}, "sha512-wIkUCfVKpVsWo3JSZlc+8MB5it+2AN5W8J7YVMST30UrvcQNZ1Okbj+rbVniijTWE6FGYy4XJq/rHkas8qJMLQ=="],

    "lodash.uniqby": ["lodash.uniqby@4.5.0", "", { "dependencies": { "lodash._baseiteratee": "~4.7.0", "lodash._baseuniq": "~4.6.0" } }, "sha512-IRt7cfTtHy6f1aRVA5n7kT8rgN3N1nH6MOWLcHfpWG2SH19E3JksLK38MktLxZDhlAjCP9jpIXkOnRXlu6oByQ=="],

    "mime-match": ["mime-match@1.0.2", "", { "dependencies": { "wildcard": "^1.1.0" } }, "sha512-VXp/ugGDVh3eCLOBCiHZMYWQaTNUHv2IJrut+yXA6+JbLPXHglHwfS/5A5L0ll+jkCY7fIzRJcH6OIunF+c6Cg=="],

    "namespace-emitter": ["namespace-emitter@2.0.1", "", {}, "sha512-N/sMKHniSDJBjfrkbS/tpkPj4RAbvW3mr8UAzvlMHyun93XEm83IAvhWtJVHo+RHn/oO8Job5YN4b+wRjSVp5g=="],

    "nanoid": ["nanoid@6.0.1", "", { "bin": { "nanoid": "bin/nanoid.js" } }, "sha512-3wVS3i51pE2pi1k5FFL/95BGfVS0kSsvDVuGXHOtxox/TywUmtgq+3qiTOTbs9J7KfHaXPiN171k/A6dBnaXFw=="],

    "p-queue": ["p-queue@9.3.3", "", { "dependencies": { "eventemitter3": "^5.0.4", "p-timeout": "^7.0.0" } }, "sha512-NXAOdnEe5FsZJfT4oK84lE1Y5cFFdWlRuOo5tww8DyNMxyRXwn39fIkUtNLKppcPC+UYU/bXujNCUGDv01y7CA=="],

    "p-retry": ["p-retry@8.0.1", "", { "dependencies": { "is-network-error": "^1.3.0" } }, "sha512-NAigyu8hfvJe7MsS18mnc4is0MZtau3QMdBklaJKK23oBQb6occO3UPM3vHmTckW8KhfyjMZaUOqdTFEYliHgg=="],

    "p-timeout": ["p-timeout@7.0.2", "", {}, "sha512-prbX4Z3YszrFNgH+MW5Zoeq3baXrMtP/MQnFeET90UB/GtGcGDQ5Usg9OCy6ETjTTntOw1SL2z9fMPUppN3Guw=="],

    "preact": ["preact@10.29.8", "", { "peerDependencies": { "preact-render-to-string": ">=5" }, "optionalPeers": ["preact-render-to-string"] }, "sha512-ej2aVZ+vZ8WO7tvlQWRM9N63A0KzF9q4mWJfDUHgYaIofWY9hu74QdnQrjoPMmZi2/nZ5gN0bJCQF49xQqx09Q=="],

    "pretty-bytes": ["pretty-bytes@7.2.0", "", {}, "sha512-T2kroepGB5DRVbkN/nOpW03+VRWqdtJhZNuCW3wYk3chdPjgi4GcTBOaxWfHq1MIM0ypidxsSWbQaAiRpxnXmg=="],

    "proper-lockfile": ["proper-lockfile@4.1.2", "", { "dependencies": { "graceful-fs": "^4.2.4", "retry": "^0.12.0", "signal-exit": "^3.0.2" } }, "sha512-TjNPblN4BwAWMXU8s9AEz4JmQxnD1NNL7bNOY/AKUzyamc379FWASUhc/K1pL2noVb+XmZKLL68cjzLsiOAMaA=="],

    "querystringify": ["querystringify@2.2.0", "", {}, "sha512-FIqgj2EUvTa7R50u0rGsyTftzjYmv/a3hO345bZNrqabNqjtgiDMgmo4mkUjd+nzU5oF3dClKqFIPUKybUyqoQ=="],

    "react": ["react@19.3.0", "", {}, "sha512-E8LUcbtBWt20bbl2YoHfx4ZDBdxVTfOKtCZn9cDSJ4l6/nuoApcpIBcj47t2wZoVX8g2ZHuMHbiShgCR1T5Sog=="],

    "react-dom": ["react-dom@19.3.0", "", { "dependencies": { "scheduler": "^0.28.0" }, "peerDependencies": { "react": "^19.3.0" } }, "sha512-JDk8dgif51OjFoDE70+OT9ICyYr+69HlmihNwp1+Nsfbna3t5sIiCa9ZJktDmQ4/1b/rn26hIAR2uYXDMr5r0Q=="],

    "requires-port": ["requires-port@1.0.0", "", {}, "sha512-KigOCHcocU3XODJxsu8i/j8T9tzT4adHiecwORRQ0ZZFcp7ahwXuRU1m+yuO90C5ZUyGeGfocHDI14M3L3yDAQ=="],

    "retry": ["retry@0.12.0", "", {}, "sha512-9LkiTwjUh6rT555DtE9rTX+BKByPfrMzEAtnlEtdEwr3Nkffwiihqe2bWADg+OQRjt9gl6ICdmB/ZFDCGAtSow=="],

    "scheduler": ["scheduler@0.28.0", "", {}, "sha512-juorfCmIkIw8tT+p5BXSm6PJjQF/ycEYmKyzURCIt/RaZIhL+PulbQ9Yu2z1HdOJDdqDTlxA1+xKBmHXJsczAw=="],

    "shallow-equal": ["shallow-equal@3.1.0", "", {}, "sha512-pfVOw8QZIXpMbhBWvzBISicvToTiM5WBF1EeAUZDDSb5Dt29yl4AYbyywbJFSEsRUMr7gJaxqCdr4L3tQf9wVg=="],

    "signal-exit": ["signal-exit@3.0.7", "", {}, "sha512-wnD2ZE+l+SPC/uoS0vXeE9L1+0wuaMqKlfz9AMUo38JsyLSBWSFcHR1Rri62LZc12vLr1gb3jl7iwQhgwpAbGQ=="],

    "tus-js-client": ["tus-js-client@4.3.1", "", { "dependencies": { "buffer-from": "^1.1.2", "combine-errors": "^3.0.3", "is-stream": "^2.0.0", "js-base64": "^3.7.2", "lodash.throttle": "^4.1.1", "proper-lockfile": "^4.1.2", "url-parse": "^1.5.7" } }, "sha512-ZLeYmjrkaU1fUsKbIi8JML52uAocjEZtBx4DKjRrqzrZa0O4MYwT6db+oqePlspV+FxXJAyFBc/L5gwUi2OFsg=="],

    "typescript": ["typescript@6.0.3", "", { "bin": { "tsc": "bin/tsc", "tsserver": "bin/tsserver" } }, "sha512-y2TvuxSZPDyQakkFRPZHKFm+KKVqIisdg9/CZwm9ftvKXLP8NRWj38/ODjNbr43SsoXqNuAisEf1GdCxqWcdBw=="],

    "undici-types": ["undici-types@8.9.0", "", {}, "sha512-KTDyRTYX8sWmKXAikPHHSyc63CRPETMctyjKFupcC6OBLXT3xsN0e9aF7m+mIXutFWpUXuedtowG7iLOzp0kQg=="],

    "url-parse": ["url-parse@1.5.10", "", { "dependencies": { "querystringify": "^2.1.1", "requires-port": "^1.0.0" } }, "sha512-WypcfiRhfeUP9vvF0j6rw0J3hrWrw6iZv3+22h6iRMJ/8z1Tj6XfLP4DsUix5MhMPnXpiHDoKyoZ/bdCkwBCiQ=="],

    "use-sync-external-store": ["use-sync-external-store@1.7.0", "", { "peerDependencies": { "react": "^16.8.0 || ^17.0.0 || ^18.0.0 || ^19.0.0" } }, "sha512-6L+EeigHMQhdaIPNIFUKwfWJSwWFQ8gJbJ2DLOs5sDIegTwR9fRxvnM3uciHKjIZhFz+KAv2emhWMRvDmMcY8A=="],

    "wildcard": ["wildcard@1.1.2", "", {}, "sha512-DXukZJxpHA8LuotRwL0pP1+rS6CS7FF2qStDDE1C7DDg2rLud2PXRMuEDYIPhgEezwnlHNL4c+N6MfMTjCGTng=="],
  }
}
